{
  "version": 4,
  "terraform_version": "1.11.3",
  "serial": 237,
  "lineage": "76b34e90-0699-f5fa-f8c2-1cf40bb3cccd",
  "outputs": {},
  "resources": [
    {
      "mode": "managed",
      "type": "aws_autoscaling_group",
      "name": "app_nodes",
      "provider": "provider[\"registry.terraform.io/hashicorp/aws\"]",
      "instances": [
        {
          "schema_version": 1,
          "attributes": {
            "arn": "arn:aws:autoscaling:eu-north-1:927618684072:autoScalingGroup:039397d0-2e26-4509-a33d-54d102ad88bb:autoScalingGroupName/terraform-20250413084502080800000006",
            "availability_zone_distribution": [
              {
                "capacity_distribution_strategy": "balanced-best-effort"
              }
            ],
            "availability_zones": [
              "eu-north-1a",
              "eu-north-1b"
            ],
            "capacity_rebalance": false,
            "context": "",
            "default_cooldown": 300,
            "default_instance_warmup": 0,
            "desired_capacity": 2,
            "desired_capacity_type": "",
            "enabled_metrics": [],
            "force_delete": false,
            "force_delete_warm_pool": false,
            "health_check_grace_period": 300,
            "health_check_type": "EC2",
            "id": "terraform-20250413084502080800000006",
            "ignore_failed_scaling_activities": false,
            "initial_lifecycle_hook": [],
            "instance_maintenance_policy": [],
            "instance_refresh": [],
            "launch_configuration": "",
            "launch_template": [
              {
                "id": "lt-07aa87ab5c9a12793",
                "name": "room8-app-node20250413084455108000000002",
                "version": "$Latest"
              }
            ],
            "load_balancers": [],
            "max_instance_lifetime": 0,
            "max_size": 4,
            "metrics_granularity": "1Minute",
            "min_elb_capacity": null,
            "min_size": 2,
            "mixed_instances_policy": [],
            "name": "terraform-20250413084502080800000006",
            "name_prefix": "terraform-",
            "placement_group": "",
            "predicted_capacity": 0,
            "protect_from_scale_in": false,
            "service_linked_role_arn": "arn:aws:iam::927618684072:role/aws-service-role/autoscaling.amazonaws.com/AWSServiceRoleForAutoScaling",
            "suspended_processes": [],
            "tag": [
              {
                "key": "Name",
                "propagate_at_launch": true,
                "value": "room8-app-node"
              }
            ],
            "target_group_arns": [],
            "termination_policies": [],
            "timeouts": null,
            "traffic_source": [],
            "vpc_zone_identifier": [
              "subnet-0332650f1f5aeb984",
              "subnet-0dc41f9fd392f4691"
            ],
            "wait_for_capacity_timeout": "10m",
            "wait_for_elb_capacity": null,
            "warm_pool": [],
            "warm_pool_size": 0
          },
          "sensitive_attributes": [],
          "private": "eyJlMmJmYjczMC1lY2FhLTExZTYtOGY4OC0zNDM2M2JjN2M0YzAiOnsiZGVsZXRlIjo2MDAwMDAwMDAwMDAsInVwZGF0ZSI6NjAwMDAwMDAwMDAwfSwic2NoZW1hX3ZlcnNpb24iOiIxIn0=",
          "dependencies": [
            "aws_launch_template.app_node",
            "aws_security_group.app_sg",
            "aws_subnet.private",
            "aws_vpc.main"
          ]
        }
      ]
    },
    {
      "mode": "managed",
      "type": "aws_eip",
      "name": "nat_eip",
      "provider": "provider[\"registry.terraform.io/hashicorp/aws\"]",
      "instances": [
        {
          "schema_version": 0,
          "attributes": {
            "address": null,
            "allocation_id": "eipalloc-0c34f185501533f7e",
            "arn": "arn:aws:ec2:eu-north-1:927618684072:elastic-ip/eipalloc-0c34f185501533f7e",
            "associate_with_private_ip": null,
            "association_id": "eipassoc-08785367a47dba357",
            "carrier_ip": "",
            "customer_owned_ip": "",
            "customer_owned_ipv4_pool": "",
            "domain": "vpc",
            "id": "eipalloc-0c34f185501533f7e",
            "instance": "",
            "ipam_pool_id": null,
            "network_border_group": "eu-north-1",
            "network_interface": "eni-01b67c40d70a0cbda",
            "private_dns": "ip-10-0-1-190.eu-north-1.compute.internal",
            "private_ip": "10.0.1.190",
            "ptr_record": "",
            "public_dns": "ec2-13-60-0-52.eu-north-1.compute.amazonaws.com",
            "public_ip": "13.60.0.52",
            "public_ipv4_pool": "amazon",
            "tags": {},
            "tags_all": {},
            "timeouts": null,
            "vpc": true
          },
          "sensitive_attributes": [],
          "private": "eyJlMmJmYjczMC1lY2FhLTExZTYtOGY4OC0zNDM2M2JjN2M0YzAiOnsiZGVsZXRlIjoxODAwMDAwMDAwMDAsInJlYWQiOjkwMDAwMDAwMDAwMCwidXBkYXRlIjozMDAwMDAwMDAwMDB9fQ=="
        }
      ]
    },
    {
      "mode": "managed",
      "type": "aws_instance",
      "name": "bastion",
      "provider": "provider[\"registry.terraform.io/hashicorp/aws\"]",
      "instances": [
        {
          "schema_version": 1,
          "attributes": {
            "ami": "ami-034afa84ca3c1f21f",
            "arn": "arn:aws:ec2:eu-north-1:927618684072:instance/i-000bcacee393a69f3",
            "associate_public_ip_address": true,
            "availability_zone": "eu-north-1a",
            "capacity_reservation_specification": [
              {
                "capacity_reservation_preference": "open",
                "capacity_reservation_target": []
              }
            ],
            "cpu_core_count": 2,
            "cpu_options": [
              {
                "amd_sev_snp": "",
                "core_count": 2,
                "threads_per_core": 2
              }
            ],
            "cpu_threads_per_core": 2,
            "credit_specification": [
              {
                "cpu_credits": "unlimited"
              }
            ],
            "disable_api_stop": false,
            "disable_api_termination": false,
            "ebs_block_device": [],
            "ebs_optimized": false,
            "enable_primary_ipv6": null,
            "enclave_options": [
              {
                "enabled": false
              }
            ],
            "ephemeral_block_device": [],
            "get_password_data": false,
            "hibernation": false,
            "host_id": "",
            "host_resource_group_arn": null,
            "iam_instance_profile": "",
            "id": "i-000bcacee393a69f3",
            "instance_initiated_shutdown_behavior": "stop",
            "instance_lifecycle": "",
            "instance_market_options": [],
            "instance_state": "running",
            "instance_type": "t3.xlarge",
            "ipv6_address_count": 0,
            "ipv6_addresses": [],
            "key_name": "aws_login",
            "launch_template": [],
            "maintenance_options": [
              {
                "auto_recovery": "default"
              }
            ],
            "metadata_options": [
              {
                "http_endpoint": "enabled",
                "http_protocol_ipv6": "disabled",
                "http_put_response_hop_limit": 1,
                "http_tokens": "optional",
                "instance_metadata_tags": "disabled"
              }
            ],
            "monitoring": false,
            "network_interface": [],
            "outpost_arn": "",
            "password_data": "",
            "placement_group": "",
            "placement_partition_number": 0,
            "primary_network_interface_id": "eni-045ba46f3b525e25d",
            "private_dns": "ip-10-0-1-129.eu-north-1.compute.internal",
            "private_dns_name_options": [
              {
                "enable_resource_name_dns_a_record": false,
                "enable_resource_name_dns_aaaa_record": false,
                "hostname_type": "ip-name"
              }
            ],
            "private_ip": "10.0.1.129",
            "public_dns": "",
            "public_ip": "13.60.198.250",
            "root_block_device": [
              {
                "delete_on_termination": true,
                "device_name": "/dev/sda1",
                "encrypted": false,
                "iops": 100,
                "kms_key_id": "",
                "tags": {},
                "tags_all": {},
                "throughput": 0,
                "volume_id": "vol-0699b639a6a8add39",
                "volume_size": 8,
                "volume_type": "gp2"
              }
            ],
            "secondary_private_ips": [],
            "security_groups": [],
            "source_dest_check": true,
            "spot_instance_request_id": "",
            "subnet_id": "subnet-047d3946267d11fce",
            "tags": {
              "Name": "room8-bastion"
            },
            "tags_all": {
              "Name": "room8-bastion"
            },
            "tenancy": "default",
            "timeouts": null,
            "user_data": "8720f5d37cb4595518c0a9c2e177dfb264b4bfa8",
            "user_data_base64": null,
            "user_data_replace_on_change": false,
            "volume_tags": null,
            "vpc_security_group_ids": [
              "sg-05bf87c1fc9309541"
            ]
          },
          "sensitive_attributes": [],
          "private": "eyJlMmJmYjczMC1lY2FhLTExZTYtOGY4OC0zNDM2M2JjN2M0YzAiOnsiY3JlYXRlIjo2MDAwMDAwMDAwMDAsImRlbGV0ZSI6MTIwMDAwMDAwMDAwMCwicmVhZCI6OTAwMDAwMDAwMDAwLCJ1cGRhdGUiOjYwMDAwMDAwMDAwMH0sInNjaGVtYV92ZXJzaW9uIjoiMSJ9",
          "dependencies": [
            "aws_security_group.bastion_sg",
            "aws_subnet.public",
            "aws_vpc.main"
          ]
        }
      ]
    },
    {
      "mode": "managed",
      "type": "aws_internet_gateway",
      "name": "room8_igw",
      "provider": "provider[\"registry.terraform.io/hashicorp/aws\"]",
      "instances": [
        {
          "schema_version": 0,
          "attributes": {
            "arn": "arn:aws:ec2:eu-north-1:927618684072:internet-gateway/igw-05df71a12de000eab",
            "id": "igw-05df71a12de000eab",
            "owner_id": "927618684072",
            "tags": {
              "Name": "room8-igw"
            },
            "tags_all": {
              "Name": "room8-igw"
            },
            "timeouts": null,
            "vpc_id": "vpc-047ca3bacd1a93f54"
          },
          "sensitive_attributes": [],
          "private": "eyJlMmJmYjczMC1lY2FhLTExZTYtOGY4OC0zNDM2M2JjN2M0YzAiOnsiY3JlYXRlIjoxMjAwMDAwMDAwMDAwLCJkZWxldGUiOjEyMDAwMDAwMDAwMDAsInVwZGF0ZSI6MTIwMDAwMDAwMDAwMH19",
          "dependencies": [
            "aws_vpc.main"
          ]
        }
      ]
    },
    {
      "mode": "managed",
      "type": "aws_launch_template",
      "name": "app_node",
      "provider": "provider[\"registry.terraform.io/hashicorp/aws\"]",
      "instances": [
        {
          "schema_version": 0,
          "attributes": {
            "arn": "arn:aws:ec2:eu-north-1:927618684072:launch-template/lt-07aa87ab5c9a12793",
            "block_device_mappings": [],
            "capacity_reservation_specification": [],
            "cpu_options": [],
            "credit_specification": [],
            "default_version": 1,
            "description": "",
            "disable_api_stop": false,
            "disable_api_termination": false,
            "ebs_optimized": "",
            "elastic_gpu_specifications": [],
            "elastic_inference_accelerator": [],
            "enclave_options": [],
            "hibernation_options": [],
            "iam_instance_profile": [],
            "id": "lt-07aa87ab5c9a12793",
            "image_id": "ami-034afa84ca3c1f21f",
            "instance_initiated_shutdown_behavior": "",
            "instance_market_options": [],
            "instance_requirements": [],
            "instance_type": "t3.xlarge",
            "kernel_id": "",
            "key_name": "aws_login",
            "latest_version": 1,
            "license_specification": [],
            "maintenance_options": [],
            "metadata_options": [],
            "monitoring": [],
            "name": "room8-app-node20250413084455108000000002",
            "name_prefix": "room8-app-node",
            "network_interfaces": [],
            "placement": [],
            "private_dns_name_options": [],
            "ram_disk_id": "",
            "security_group_names": [],
            "tag_specifications": [],
            "tags": {},
            "tags_all": {},
            "update_default_version": null,
            "user_data": "IyEvYmluL2Jhc2gKc2V0IC1lCgplY2hvICLwn5SnIFN0YXJ0aW5nIEt1YmVybmV0ZXMgYm9vdHN0cmFwIHNjcmlwdC4uLiIKCiMgLS0tLS0tLS0tLS0tLS0tLS0tLS0tLS0tLS0tLQojIDEuIFN5c3RlbSBQcmVwYXJhdGlvbgojIC0tLS0tLS0tLS0tLS0tLS0tLS0tLS0tLS0tLS0KCmVjaG8gIvCfk6YgVXBkYXRpbmcgc3lzdGVtIHBhY2thZ2VzLi4uIgphcHQtZ2V0IHVwZGF0ZSAteQphcHQtZ2V0IHVwZ3JhZGUgLXkKCiMgSW5zdGFsbCByZXF1aXJlZCBzeXN0ZW0gZGVwZW5kZW5jaWVzCmVjaG8gIvCfk5ogSW5zdGFsbGluZyBkZXBlbmRlbmNpZXMuLi4iCmFwdC1nZXQgaW5zdGFsbCAteSBhcHQtdHJhbnNwb3J0LWh0dHBzIGNhLWNlcnRpZmljYXRlcyBjdXJsIGdudXBnIGxzYi1yZWxlYXNlIHNvZnR3YXJlLXByb3BlcnRpZXMtY29tbW9uIGdpdAoKIyAtLS0tLS0tLS0tLS0tLS0tLS0tLS0tLS0tLS0tCiMgMi4gS2VybmVsIFBhcmFtZXRlcnMgZm9yIEt1YmVybmV0ZXMKIyAtLS0tLS0tLS0tLS0tLS0tLS0tLS0tLS0tLS0tCgojIExvYWQgbmVjZXNzYXJ5IGtlcm5lbCBtb2R1bGVzCmVjaG8gIvCflKcgTG9hZGluZyBrZXJuZWwgbW9kdWxlcy4uLiIKc3VkbyBtb2Rwcm9iZSBvdmVybGF5CnN1ZG8gbW9kcHJvYmUgYnJfbmV0ZmlsdGVyCgojIEVuc3VyZSBtb2R1bGVzIGFyZSBsb2FkZWQgYXQgYm9vdAplY2hvIC1lICJvdmVybGF5XG5icl9uZXRmaWx0ZXIiIHwgc3VkbyB0ZWUgL2V0Yy9tb2R1bGVzLWxvYWQuZC9rOHMuY29uZgoKIyBTZXQgc3lzdGVtIGNvbmZpZ3VyYXRpb25zIGZvciBLdWJlcm5ldGVzIG5ldHdvcmtpbmcKZWNobyAi8J+UpyBTZXR0aW5nIHN5c2N0bCBwYXJhbWV0ZXJzLi4uIgpjYXQgPDxFT0YgfCBzdWRvIHRlZSAvZXRjL3N5c2N0bC5kL2s4cy5jb25mCm5ldC5icmlkZ2UuYnJpZGdlLW5mLWNhbGwtaXB0YWJsZXMgPSAxCm5ldC5pcHY0LmlwX2ZvcndhcmQgPSAxCkVPRgpzdWRvIHN5c2N0bCAtLXN5c3RlbQoKIyAtLS0tLS0tLS0tLS0tLS0tLS0tLS0tLS0tLS0tCiMgMy4gRGlzYWJsZSBTd2FwCiMgLS0tLS0tLS0tLS0tLS0tLS0tLS0tLS0tLS0tLQoKZWNobyAi8J+aqyBEaXNhYmxpbmcgc3dhcC4uLiIKc3VkbyBzd2Fwb2ZmIC1hCnN1ZG8gc2VkIC1pICcvIHN3YXAgLyBzL14vIy8nIC9ldGMvZnN0YWIKCiMgLS0tLS0tLS0tLS0tLS0tLS0tLS0tLS0tLS0tLQojIDQuIEluc3RhbGwgRG9ja2VyCiMgLS0tLS0tLS0tLS0tLS0tLS0tLS0tLS0tLS0tLQoKZWNobyAi8J+QsyBJbnN0YWxsaW5nIERvY2tlci4uLiIKY3VybCAtZnNTTCBodHRwczovL2Rvd25sb2FkLmRvY2tlci5jb20vbGludXgvdWJ1bnR1L2dwZyB8IGdwZyAtLWRlYXJtb3IgLW8gL2V0Yy9hcHQvdHJ1c3RlZC5ncGcuZC9kb2NrZXIuZ3BnCgphZGQtYXB0LXJlcG9zaXRvcnkgXAogICAiZGViIFthcmNoPWFtZDY0XSBodHRwczovL2Rvd25sb2FkLmRvY2tlci5jb20vbGludXgvdWJ1bnR1IFwKICAgJChsc2JfcmVsZWFzZSAtY3MpIHN0YWJsZSIKCmFwdC1nZXQgdXBkYXRlIC15CmFwdC1nZXQgaW5zdGFsbCAteSBkb2NrZXItY2UgZG9ja2VyLWNlLWNsaSBjb250YWluZXJkLmlvCgojIEVuYWJsZSBhbmQgc3RhcnQgRG9ja2VyIHNlcnZpY2UKc3lzdGVtY3RsIGVuYWJsZSBkb2NrZXIKc3lzdGVtY3RsIHN0YXJ0IGRvY2tlcgoKIyBBZGQgdWJ1bnR1IHVzZXIgdG8gdGhlIGRvY2tlciBncm91cAp1c2VybW9kIC1hRyBkb2NrZXIgdWJ1bnR1CgojIC0tLS0tLS0tLS0tLS0tLS0tLS0tLS0tLS0tLS0KIyA1LiBJbnN0YWxsIGNvbnRhaW5lcmQKIyAtLS0tLS0tLS0tLS0tLS0tLS0tLS0tLS0tLS0tCmVjaG8gIvCfk6YgSW5zdGFsbGluZyBjb250YWluZXJkLi4uIgphcHQtZ2V0IGluc3RhbGwgLXkgY29udGFpbmVyZAoKIyBDb25maWd1cmUgY29udGFpbmVyZAplY2hvICLimpnvuI8gQ29uZmlndXJpbmcgY29udGFpbmVyZC4uLiIKIyBDcmVhdGUgZGVmYXVsdCBjb25maWd1cmF0aW9uIGZpbGUgZm9yIGNvbnRhaW5lcmQKc3VkbyBta2RpciAtcCAvZXRjL2NvbnRhaW5lcmQKY29udGFpbmVyZCBjb25maWcgZGVmYXVsdCB8IHN1ZG8gdGVlIC9ldGMvY29udGFpbmVyZC9jb25maWcudG9tbAoKIyBVcGRhdGUgdGhlIGNvbmZpZyBmaWxlIHRvIHNldCBTeXN0ZW1kQ2dyb3VwIHRvIHRydWUKc3VkbyBzZWQgLWkgJy9eXFtwbHVnaW5zLiJpby5jb250YWluZXJkLmdycGMudjEuY3JpIi5jb250YWluZXJkLnJ1bnRpbWUucnVuYy5vcHRpb25zXF0vLC9eXFsvIHMvU3lzdGVtZENncm91cCA9IGZhbHNlL1N5c3RlbWRDZ3JvdXAgPSB0cnVlLycgL2V0Yy9jb250YWluZXJkL2NvbmZpZy50b21sCgojIENvbmZpcm0gY2hhbmdlcwpzdWRvIHN5c3RlbWN0bCByZXN0YXJ0IGNvbnRhaW5lcmQKc3VkbyBzeXN0ZW1jdGwgZW5hYmxlIGNvbnRhaW5lcmQKZWNobyAiVXBkYXRlZCAvZXRjL2NvbnRhaW5lcmQvY29uZmlnLnRvbWwgdG8gc2V0IFN5c3RlbWRDZ3JvdXAgPSB0cnVlIgoKIyAtLS0tLS0tLS0tLS0tLS0tLS0tLS0tLS0tLS0tCiMgNi4gS3ViZXJuZXRlcyBSZXBvICYgSW5zdGFsbAojIC0tLS0tLS0tLS0tLS0tLS0tLS0tLS0tLS0tLS0KCmVjaG8gIvCfk6YgSW5zdGFsbGluZyBLdWJlcm5ldGVzIHRvb2xzIChrdWJlbGV0LCBrdWJlYWRtLCBrdWJlY3RsKS4uLiIKYXB0LWdldCBpbnN0YWxsIC15IGFwdC10cmFuc3BvcnQtaHR0cHMgY2EtY2VydGlmaWNhdGVzIGN1cmwKIyBBZGQgS3ViZXJuZXRlcyByZXBvIGFuZCBHUEcga2V5CmN1cmwgLWZzU0wgaHR0cHM6Ly9wa2dzLms4cy5pby9jb3JlOi9zdGFibGU6L3YxLjMyL2RlYi9SZWxlYXNlLmtleSB8IHN1ZG8gZ3BnIC0tZGVhcm1vciAtbyAvZXRjL2FwdC9rZXlyaW5ncy9rdWJlcm5ldGVzLWFwdC1rZXlyaW5nLmdwZwpzdWRvIGNobW9kIDY0NCAvZXRjL2FwdC9rZXlyaW5ncy9rdWJlcm5ldGVzLWFwdC1rZXlyaW5nLmdwZwplY2hvICJkZWIgW3NpZ25lZC1ieT0vZXRjL2FwdC9rZXlyaW5ncy9rdWJlcm5ldGVzLWFwdC1rZXlyaW5nLmdwZ10gaHR0cHM6Ly9wa2dzLms4cy5pby9jb3JlOi9zdGFibGU6L3YxLjMyL2RlYi8gLyIgfCBzdWRvIHRlZSAvZXRjL2FwdC9zb3VyY2VzLmxpc3QuZC9rdWJlcm5ldGVzLmxpc3QKc3VkbyBjaG1vZCA2NDQgL2V0Yy9hcHQvc291cmNlcy5saXN0LmQva3ViZXJuZXRlcy5saXN0CgojIEluc3RhbGwgS3ViZXJuZXRlcyBjb3JlIGJpbmFyaWVzCmFwdC1nZXQgdXBkYXRlIC15CmFwdC1nZXQgaW5zdGFsbCAteSBrdWJlbGV0IGt1YmVhZG0ga3ViZWN0bAphcHQtbWFyayBob2xkIGt1YmVsZXQga3ViZWFkbSBrdWJlY3RsCgojIEVuYWJsZSBrdWJlbGV0IHNlcnZpY2UKc3lzdGVtY3RsIGVuYWJsZSBrdWJlbGV0CnN5c3RlbWN0bCBzdGFydCBrdWJlbGV0CgojIC0tLS0tLS0tLS0tLS0tLS0tLS0tLS0tLS0tLS0KIyA3LiBLdWJlcm5ldGVzIEluaXRpYWxpemF0aW9uCiMgLS0tLS0tLS0tLS0tLS0tLS0tLS0tLS0tLS0tLQoKZWNobyAi8J+agCBJbml0aWFsaXppbmcgS3ViZXJuZXRlcyBjbHVzdGVyLi4uIgoKIyBSZXRyaWV2ZSB0aGUgaG9zdCdzIElQIGFkZHJlc3MKSE9TVF9JUD0kKGhvc3RuYW1lIC1JIHwgYXdrICd7cHJpbnQgJDF9JykKCiMgQWxsb3cga3ViZWFkbSBpbml0IHRvIGZhaWwgd2l0aG91dCBleGl0aW5nIHRoZSBzY3JpcHQKc2V0ICtlCmt1YmVhZG0gaW5pdCBcCiAgLS1hcGlzZXJ2ZXItYWR2ZXJ0aXNlLWFkZHJlc3M9IiRIT1NUX0lQIiBcCiAgLS1jb250cm9sLXBsYW5lLWVuZHBvaW50PSIkSE9TVF9JUCIgXAogIC0tcG9kLW5ldHdvcmstY2lkcj0xMC4yNDQuMC4wLzE2CklOSVRfU1RBVFVTPSQ/CnNldCAtZQoKIyBSZXRyeSBrdWJlYWRtIGluaXQgaWYgaXQgZmFpbGVkIHRoZSBmaXJzdCB0aW1lCmlmIFsgJElOSVRfU1RBVFVTIC1uZSAwIF07IHRoZW4KICBlY2hvICLwn5SBIFJldHJ5aW5nIGt1YmVhZG0gaW5pdCBhZnRlciBmaXhpbmcgY29udGFpbmVyZC4uLiIKICBrdWJlYWRtIGluaXQgXAogICAgLS1hcGlzZXJ2ZXItYWR2ZXJ0aXNlLWFkZHJlc3M9IiRIT1NUX0lQIiBcCiAgICAtLWNvbnRyb2wtcGxhbmUtZW5kcG9pbnQ9IiRIT1NUX0lQIiBcCiAgICAtLXBvZC1uZXR3b3JrLWNpZHI9MTAuMjQ0LjAuMC8xNgpmaQoKIyAtLS0tLS0tLS0tLS0tLS0tLS0tLS0tLS0tLS0tCiMgOC4gQ29uZmlndXJlIGt1YmVjdGwgZm9yIHVidW50dSB1c2VyCiMgLS0tLS0tLS0tLS0tLS0tLS0tLS0tLS0tLS0tLQoKZWNobyAi8J+TgSBTZXR0aW5nIHVwIGt1YmVjb25maWcgZm9yIHVidW50dSB1c2VyLi4uIgpta2RpciAtcCAvaG9tZS91YnVudHUvLmt1YmUKc3VkbyBjcCAtaSAvZXRjL2t1YmVybmV0ZXMvYWRtaW4uY29uZiAvaG9tZS91YnVudHUvLmt1YmUvY29uZmlnCnN1ZG8gY2hvd24gdWJ1bnR1OnVidW50dSAvaG9tZS91YnVudHUvLmt1YmUvY29uZmlnCgplY2hvICLinIUgS3ViZXJuZXRlcyBrdWJlY29uZmlnIHNldCB1cCBzdWNjZXNzZnVsbHkhIgoKIyAtLS0tLS0tLS0tLS0tLS0tLS0tLS0tLS0tLS0tCiMgOS4gSW5zdGFsbCBDTkkgUGx1Z2luIChGbGFubmVsKQojIC0tLS0tLS0tLS0tLS0tLS0tLS0tLS0tLS0tLS0KCmVjaG8gIvCfjJAgSW5zdGFsbGluZyBGbGFubmVsIENOSSBwbHVnaW4uLi4iCgojIFdhaXQgZm9yIEFQSSBzZXJ2ZXIgdG8gYmUgcmVhZHkgYmVmb3JlIGFwcGx5aW5nIEZsYW5uZWwKZWNobyAi4o+zIFdhaXRpbmcgZm9yIEt1YmVybmV0ZXMgQVBJIHNlcnZlciB0byBiZSByZWFkeS4uLiIKdGltZW91dD0xMDAgICMgU2V0IGEgdGltZW91dCBvZiA1IG1pbnV0ZXMKZWxhcHNlZD0wCndhaXRfaW50ZXJ2YWw9NQoKd2hpbGUgKCggZWxhcHNlZCA8IHRpbWVvdXQgKSk7IGRvCiAgaWYgc3UgLSB1YnVudHUgLWMgImt1YmVjdGwgZ2V0IG5vZGVzIiAmPi9kZXYvbnVsbDsgdGhlbgogICAgZWNobyAi4pyFIEFQSSBzZXJ2ZXIgaXMgcmVhZHkuIgogICAgYnJlYWsKICBmaQogIGVjaG8gIvCflIEgV2FpdGluZyBmb3IgQVBJIHNlcnZlci4uLiIKICBzbGVlcCAkd2FpdF9pbnRlcnZhbAogIGVsYXBzZWQ9JCgoZWxhcHNlZCArIHdhaXRfaW50ZXJ2YWwpKQpkb25lCgppZiAoKCBlbGFwc2VkID49IHRpbWVvdXQgKSk7IHRoZW4KICBlY2hvICLinYwgVGltZW91dCByZWFjaGVkIHdoaWxlIHdhaXRpbmcgZm9yIHRoZSBBUEkgc2VydmVyLiIKIyAgZXhpdCAxCmZpCgojIEFwcGx5IEZsYW5uZWwgQ05JIHBsdWdpbgplY2hvICLwn5OmIEFwcGx5aW5nIEZsYW5uZWwgQ05JIHBsdWdpbi4uLiIKc3UgLSB1YnVudHUgLWMgImt1YmVjdGwgYXBwbHkgLWYgaHR0cHM6Ly9yYXcuZ2l0aHVidXNlcmNvbnRlbnQuY29tL2NvcmVvcy9mbGFubmVsL21hc3Rlci9Eb2N1bWVudGF0aW9uL2t1YmUtZmxhbm5lbC55bWwiCgplY2hvICLinIUgS3ViZXJuZXRlcyBjbHVzdGVyIGJvb3RzdHJhcHBlZCBzdWNjZXNzZnVsbHkhIgo=",
            "vpc_security_group_ids": [
              "sg-062ec413f427338df"
            ]
          },
          "sensitive_attributes": [],
          "private": "bnVsbA==",
          "dependencies": [
            "aws_security_group.app_sg",
            "aws_vpc.main"
          ]
        }
      ]
    },
    {
      "mode": "managed",
      "type": "aws_nat_gateway",
      "name": "nat",
      "provider": "provider[\"registry.terraform.io/hashicorp/aws\"]",
      "instances": [
        {
          "schema_version": 0,
          "attributes": {
            "allocation_id": "eipalloc-0c34f185501533f7e",
            "association_id": "eipassoc-08785367a47dba357",
            "connectivity_type": "public",
            "id": "nat-028e77e5cab5b9e5c",
            "network_interface_id": "eni-01b67c40d70a0cbda",
            "private_ip": "10.0.1.190",
            "public_ip": "13.60.0.52",
            "secondary_allocation_ids": [],
            "secondary_private_ip_address_count": 0,
            "secondary_private_ip_addresses": [],
            "subnet_id": "subnet-047d3946267d11fce",
            "tags": {},
            "tags_all": {},
            "timeouts": null
          },
          "sensitive_attributes": [],
          "private": "eyJlMmJmYjczMC1lY2FhLTExZTYtOGY4OC0zNDM2M2JjN2M0YzAiOnsiY3JlYXRlIjo2MDAwMDAwMDAwMDAsImRlbGV0ZSI6MTgwMDAwMDAwMDAwMCwidXBkYXRlIjo2MDAwMDAwMDAwMDB9fQ==",
          "dependencies": [
            "aws_eip.nat_eip",
            "aws_internet_gateway.room8_igw",
            "aws_subnet.public",
            "aws_vpc.main"
          ]
        }
      ]
    },
    {
      "mode": "managed",
      "type": "aws_route_table",
      "name": "private",
      "provider": "provider[\"registry.terraform.io/hashicorp/aws\"]",
      "instances": [
        {
          "schema_version": 0,
          "attributes": {
            "arn": "arn:aws:ec2:eu-north-1:927618684072:route-table/rtb-0af08302b9a23f218",
            "id": "rtb-0af08302b9a23f218",
            "owner_id": "927618684072",
            "propagating_vgws": [],
            "route": [
              {
                "carrier_gateway_id": "",
                "cidr_block": "0.0.0.0/0",
                "core_network_arn": "",
                "destination_prefix_list_id": "",
                "egress_only_gateway_id": "",
                "gateway_id": "",
                "ipv6_cidr_block": "",
                "local_gateway_id": "",
                "nat_gateway_id": "nat-028e77e5cab5b9e5c",
                "network_interface_id": "",
                "transit_gateway_id": "",
                "vpc_endpoint_id": "",
                "vpc_peering_connection_id": ""
              }
            ],
            "tags": {
              "Name": "Private Route Table"
            },
            "tags_all": {
              "Name": "Private Route Table"
            },
            "timeouts": null,
            "vpc_id": "vpc-047ca3bacd1a93f54"
          },
          "sensitive_attributes": [],
          "private": "eyJlMmJmYjczMC1lY2FhLTExZTYtOGY4OC0zNDM2M2JjN2M0YzAiOnsiY3JlYXRlIjozMDAwMDAwMDAwMDAsImRlbGV0ZSI6MzAwMDAwMDAwMDAwLCJ1cGRhdGUiOjEyMDAwMDAwMDAwMH19",
          "dependencies": [
            "aws_eip.nat_eip",
            "aws_internet_gateway.room8_igw",
            "aws_nat_gateway.nat",
            "aws_subnet.public",
            "aws_vpc.main"
          ]
        }
      ]
    },
    {
      "mode": "managed",
      "type": "aws_route_table",
      "name": "public_rt",
      "provider": "provider[\"registry.terraform.io/hashicorp/aws\"]",
      "instances": [
        {
          "schema_version": 0,
          "attributes": {
            "arn": "arn:aws:ec2:eu-north-1:927618684072:route-table/rtb-00d7c4ab46c415cec",
            "id": "rtb-00d7c4ab46c415cec",
            "owner_id": "927618684072",
            "propagating_vgws": [],
            "route": [
              {
                "carrier_gateway_id": "",
                "cidr_block": "0.0.0.0/0",
                "core_network_arn": "",
                "destination_prefix_list_id": "",
                "egress_only_gateway_id": "",
                "gateway_id": "igw-05df71a12de000eab",
                "ipv6_cidr_block": "",
                "local_gateway_id": "",
                "nat_gateway_id": "",
                "network_interface_id": "",
                "transit_gateway_id": "",
                "vpc_endpoint_id": "",
                "vpc_peering_connection_id": ""
              }
            ],
            "tags": {
              "Name": "room8-public-rt"
            },
            "tags_all": {
              "Name": "room8-public-rt"
            },
            "timeouts": null,
            "vpc_id": "vpc-047ca3bacd1a93f54"
          },
          "sensitive_attributes": [],
          "private": "eyJlMmJmYjczMC1lY2FhLTExZTYtOGY4OC0zNDM2M2JjN2M0YzAiOnsiY3JlYXRlIjozMDAwMDAwMDAwMDAsImRlbGV0ZSI6MzAwMDAwMDAwMDAwLCJ1cGRhdGUiOjEyMDAwMDAwMDAwMH19",
          "dependencies": [
            "aws_internet_gateway.room8_igw",
            "aws_vpc.main"
          ]
        }
      ]
    },
    {
      "mode": "managed",
      "type": "aws_route_table_association",
      "name": "private",
      "provider": "provider[\"registry.terraform.io/hashicorp/aws\"]",
      "instances": [
        {
          "index_key": 0,
          "schema_version": 0,
          "attributes": {
            "gateway_id": "",
            "id": "rtbassoc-0eea1c178a17a78f8",
            "route_table_id": "rtb-0af08302b9a23f218",
            "subnet_id": "subnet-0332650f1f5aeb984",
            "timeouts": null
          },
          "sensitive_attributes": [],
          "private": "eyJlMmJmYjczMC1lY2FhLTExZTYtOGY4OC0zNDM2M2JjN2M0YzAiOnsiY3JlYXRlIjozMDAwMDAwMDAwMDAsImRlbGV0ZSI6MzAwMDAwMDAwMDAwLCJ1cGRhdGUiOjEyMDAwMDAwMDAwMH19",
          "dependencies": [
            "aws_eip.nat_eip",
            "aws_internet_gateway.room8_igw",
            "aws_nat_gateway.nat",
            "aws_route_table.private",
            "aws_subnet.private",
            "aws_subnet.public",
            "aws_vpc.main"
          ]
        },
        {
          "index_key": 1,
          "schema_version": 0,
          "attributes": {
            "gateway_id": "",
            "id": "rtbassoc-01a6b12176a127ac3",
            "route_table_id": "rtb-0af08302b9a23f218",
            "subnet_id": "subnet-0dc41f9fd392f4691",
            "timeouts": null
          },
          "sensitive_attributes": [],
          "private": "eyJlMmJmYjczMC1lY2FhLTExZTYtOGY4OC0zNDM2M2JjN2M0YzAiOnsiY3JlYXRlIjozMDAwMDAwMDAwMDAsImRlbGV0ZSI6MzAwMDAwMDAwMDAwLCJ1cGRhdGUiOjEyMDAwMDAwMDAwMH19",
          "dependencies": [
            "aws_eip.nat_eip",
            "aws_internet_gateway.room8_igw",
            "aws_nat_gateway.nat",
            "aws_route_table.private",
            "aws_subnet.private",
            "aws_subnet.public",
            "aws_vpc.main"
          ]
        }
      ]
    },
    {
      "mode": "managed",
      "type": "aws_route_table_association",
      "name": "public_subnet_assoc",
      "provider": "provider[\"registry.terraform.io/hashicorp/aws\"]",
      "instances": [
        {
          "index_key": 0,
          "schema_version": 0,
          "attributes": {
            "gateway_id": "",
            "id": "rtbassoc-0c26e9d9cad022ef2",
            "route_table_id": "rtb-00d7c4ab46c415cec",
            "subnet_id": "subnet-047d3946267d11fce",
            "timeouts": null
          },
          "sensitive_attributes": [],
          "private": "eyJlMmJmYjczMC1lY2FhLTExZTYtOGY4OC0zNDM2M2JjN2M0YzAiOnsiY3JlYXRlIjozMDAwMDAwMDAwMDAsImRlbGV0ZSI6MzAwMDAwMDAwMDAwLCJ1cGRhdGUiOjEyMDAwMDAwMDAwMH19",
          "dependencies": [
            "aws_internet_gateway.room8_igw",
            "aws_route_table.public_rt",
            "aws_subnet.public",
            "aws_vpc.main"
          ]
        },
        {
          "index_key": 1,
          "schema_version": 0,
          "attributes": {
            "gateway_id": "",
            "id": "rtbassoc-029a58e0b6b9dc3c2",
            "route_table_id": "rtb-00d7c4ab46c415cec",
            "subnet_id": "subnet-0ea9c3f78af0e6eb4",
            "timeouts": null
          },
          "sensitive_attributes": [],
          "private": "eyJlMmJmYjczMC1lY2FhLTExZTYtOGY4OC0zNDM2M2JjN2M0YzAiOnsiY3JlYXRlIjozMDAwMDAwMDAwMDAsImRlbGV0ZSI6MzAwMDAwMDAwMDAwLCJ1cGRhdGUiOjEyMDAwMDAwMDAwMH19",
          "dependencies": [
            "aws_internet_gateway.room8_igw",
            "aws_route_table.public_rt",
            "aws_subnet.public",
            "aws_vpc.main"
          ]
        }
      ]
    },
    {
      "mode": "managed",
      "type": "aws_security_group",
      "name": "app_sg",
      "provider": "provider[\"registry.terraform.io/hashicorp/aws\"]",
      "instances": [
        {
          "schema_version": 1,
          "attributes": {
            "arn": "arn:aws:ec2:eu-north-1:927618684072:security-group/sg-062ec413f427338df",
            "description": "Allow internal traffic + k8s + CI/CD",
            "egress": [
              {
                "cidr_blocks": [
                  "0.0.0.0/0"
                ],
                "description": "",
                "from_port": 0,
                "ipv6_cidr_blocks": [],
                "prefix_list_ids": [],
                "protocol": "-1",
                "security_groups": [],
                "self": false,
                "to_port": 0
              }
            ],
            "id": "sg-062ec413f427338df",
            "ingress": [
              {
                "cidr_blocks": [
                  "10.0.0.0/16"
                ],
                "description": "",
                "from_port": 0,
                "ipv6_cidr_blocks": [],
                "prefix_list_ids": [],
                "protocol": "tcp",
                "security_groups": [],
                "self": false,
                "to_port": 65535
              },
              {
                "cidr_blocks": [
                  "10.0.0.0/16"
                ],
                "description": "",
                "from_port": 30000,
                "ipv6_cidr_blocks": [],
                "prefix_list_ids": [],
                "protocol": "tcp",
                "security_groups": [],
                "self": false,
                "to_port": 32767
              },
              {
                "cidr_blocks": [
                  "10.0.0.0/16"
                ],
                "description": "",
                "from_port": 6443,
                "ipv6_cidr_blocks": [],
                "prefix_list_ids": [],
                "protocol": "tcp",
                "security_groups": [],
                "self": false,
                "to_port": 6443
              }
            ],
            "name": "app-sg",
            "name_prefix": "",
            "owner_id": "927618684072",
            "revoke_rules_on_delete": false,
            "tags": {
              "Name": "app-sg"
            },
            "tags_all": {
              "Name": "app-sg"
            },
            "timeouts": null,
            "vpc_id": "vpc-047ca3bacd1a93f54"
          },
          "sensitive_attributes": [],
          "private": "eyJlMmJmYjczMC1lY2FhLTExZTYtOGY4OC0zNDM2M2JjN2M0YzAiOnsiY3JlYXRlIjo2MDAwMDAwMDAwMDAsImRlbGV0ZSI6OTAwMDAwMDAwMDAwfSwic2NoZW1hX3ZlcnNpb24iOiIxIn0=",
          "dependencies": [
            "aws_vpc.main"
          ]
        }
      ]
    },
    {
      "mode": "managed",
      "type": "aws_security_group",
      "name": "bastion_sg",
      "provider": "provider[\"registry.terraform.io/hashicorp/aws\"]",
      "instances": [
        {
          "schema_version": 1,
          "attributes": {
            "arn": "arn:aws:ec2:eu-north-1:927618684072:security-group/sg-05bf87c1fc9309541",
            "description": "Allow SSH from your IP",
            "egress": [
              {
                "cidr_blocks": [
                  "0.0.0.0/0"
                ],
                "description": "",
                "from_port": 0,
                "ipv6_cidr_blocks": [],
                "prefix_list_ids": [],
                "protocol": "-1",
                "security_groups": [],
                "self": false,
                "to_port": 0
              }
            ],
            "id": "sg-05bf87c1fc9309541",
            "ingress": [
              {
                "cidr_blocks": [
                  "0.0.0.0/0"
                ],
                "description": "",
                "from_port": 22,
                "ipv6_cidr_blocks": [],
                "prefix_list_ids": [],
                "protocol": "tcp",
                "security_groups": [],
                "self": false,
                "to_port": 22
              },
              {
                "cidr_blocks": [
                  "0.0.0.0/0"
                ],
                "description": "",
                "from_port": 30000,
                "ipv6_cidr_blocks": [],
                "prefix_list_ids": [],
                "protocol": "tcp",
                "security_groups": [],
                "self": false,
                "to_port": 32767
              },
              {
                "cidr_blocks": [
                  "0.0.0.0/0"
                ],
                "description": "",
                "from_port": 6443,
                "ipv6_cidr_blocks": [],
                "prefix_list_ids": [],
                "protocol": "tcp",
                "security_groups": [],
                "self": false,
                "to_port": 6443
              },
              {
                "cidr_blocks": [
                  "0.0.0.0/0"
                ],
                "description": "",
                "from_port": 8080,
                "ipv6_cidr_blocks": [],
                "prefix_list_ids": [],
                "protocol": "tcp",
                "security_groups": [],
                "self": false,
                "to_port": 8080
              }
            ],
            "name": "bastion-sg",
            "name_prefix": "",
            "owner_id": "927618684072",
            "revoke_rules_on_delete": false,
            "tags": {
              "Name": "bastion-sg"
            },
            "tags_all": {
              "Name": "bastion-sg"
            },
            "timeouts": null,
            "vpc_id": "vpc-047ca3bacd1a93f54"
          },
          "sensitive_attributes": [],
          "private": "eyJlMmJmYjczMC1lY2FhLTExZTYtOGY4OC0zNDM2M2JjN2M0YzAiOnsiY3JlYXRlIjo2MDAwMDAwMDAwMDAsImRlbGV0ZSI6OTAwMDAwMDAwMDAwfSwic2NoZW1hX3ZlcnNpb24iOiIxIn0=",
          "dependencies": [
            "aws_vpc.main"
          ]
        }
      ]
    },
    {
      "mode": "managed",
      "type": "aws_security_group",
      "name": "lb_sg",
      "provider": "provider[\"registry.terraform.io/hashicorp/aws\"]",
      "instances": [
        {
          "schema_version": 1,
          "attributes": {
            "arn": "arn:aws:ec2:eu-north-1:927618684072:security-group/sg-0cac90176c1f19e5b",
            "description": "Allow HTTP/HTTPS from the world",
            "egress": [
              {
                "cidr_blocks": [
                  "0.0.0.0/0"
                ],
                "description": "",
                "from_port": 0,
                "ipv6_cidr_blocks": [],
                "prefix_list_ids": [],
                "protocol": "-1",
                "security_groups": [],
                "self": false,
                "to_port": 0
              }
            ],
            "id": "sg-0cac90176c1f19e5b",
            "ingress": [
              {
                "cidr_blocks": [
                  "0.0.0.0/0"
                ],
                "description": "",
                "from_port": 443,
                "ipv6_cidr_blocks": [],
                "prefix_list_ids": [],
                "protocol": "tcp",
                "security_groups": [],
                "self": false,
                "to_port": 443
              },
              {
                "cidr_blocks": [
                  "0.0.0.0/0"
                ],
                "description": "",
                "from_port": 80,
                "ipv6_cidr_blocks": [],
                "prefix_list_ids": [],
                "protocol": "tcp",
                "security_groups": [],
                "self": false,
                "to_port": 80
              }
            ],
            "name": "loadbalancer-sg",
            "name_prefix": "",
            "owner_id": "927618684072",
            "revoke_rules_on_delete": false,
            "tags": {
              "Name": "lb-sg"
            },
            "tags_all": {
              "Name": "lb-sg"
            },
            "timeouts": null,
            "vpc_id": "vpc-047ca3bacd1a93f54"
          },
          "sensitive_attributes": [],
          "private": "eyJlMmJmYjczMC1lY2FhLTExZTYtOGY4OC0zNDM2M2JjN2M0YzAiOnsiY3JlYXRlIjo2MDAwMDAwMDAwMDAsImRlbGV0ZSI6OTAwMDAwMDAwMDAwfSwic2NoZW1hX3ZlcnNpb24iOiIxIn0=",
          "dependencies": [
            "aws_vpc.main"
          ]
        }
      ]
    },
    {
      "mode": "managed",
      "type": "aws_subnet",
      "name": "private",
      "provider": "provider[\"registry.terraform.io/hashicorp/aws\"]",
      "instances": [
        {
          "index_key": 0,
          "schema_version": 1,
          "attributes": {
            "arn": "arn:aws:ec2:eu-north-1:927618684072:subnet/subnet-0332650f1f5aeb984",
            "assign_ipv6_address_on_creation": false,
            "availability_zone": "eu-north-1a",
            "availability_zone_id": "eun1-az1",
            "cidr_block": "10.0.3.0/24",
            "customer_owned_ipv4_pool": "",
            "enable_dns64": false,
            "enable_lni_at_device_index": 0,
            "enable_resource_name_dns_a_record_on_launch": false,
            "enable_resource_name_dns_aaaa_record_on_launch": false,
            "id": "subnet-0332650f1f5aeb984",
            "ipv6_cidr_block": "",
            "ipv6_cidr_block_association_id": "",
            "ipv6_native": false,
            "map_customer_owned_ip_on_launch": false,
            "map_public_ip_on_launch": false,
            "outpost_arn": "",
            "owner_id": "927618684072",
            "private_dns_hostname_type_on_launch": "ip-name",
            "tags": {
              "Name": "room8-private-0"
            },
            "tags_all": {
              "Name": "room8-private-0"
            },
            "timeouts": null,
            "vpc_id": "vpc-047ca3bacd1a93f54"
          },
          "sensitive_attributes": [],
          "private": "eyJlMmJmYjczMC1lY2FhLTExZTYtOGY4OC0zNDM2M2JjN2M0YzAiOnsiY3JlYXRlIjo2MDAwMDAwMDAwMDAsImRlbGV0ZSI6MTIwMDAwMDAwMDAwMH0sInNjaGVtYV92ZXJzaW9uIjoiMSJ9",
          "dependencies": [
            "aws_vpc.main"
          ]
        },
        {
          "index_key": 1,
          "schema_version": 1,
          "attributes": {
            "arn": "arn:aws:ec2:eu-north-1:927618684072:subnet/subnet-0dc41f9fd392f4691",
            "assign_ipv6_address_on_creation": false,
            "availability_zone": "eu-north-1b",
            "availability_zone_id": "eun1-az2",
            "cidr_block": "10.0.4.0/24",
            "customer_owned_ipv4_pool": "",
            "enable_dns64": false,
            "enable_lni_at_device_index": 0,
            "enable_resource_name_dns_a_record_on_launch": false,
            "enable_resource_name_dns_aaaa_record_on_launch": false,
            "id": "subnet-0dc41f9fd392f4691",
            "ipv6_cidr_block": "",
            "ipv6_cidr_block_association_id": "",
            "ipv6_native": false,
            "map_customer_owned_ip_on_launch": false,
            "map_public_ip_on_launch": false,
            "outpost_arn": "",
            "owner_id": "927618684072",
            "private_dns_hostname_type_on_launch": "ip-name",
            "tags": {
              "Name": "room8-private-1"
            },
            "tags_all": {
              "Name": "room8-private-1"
            },
            "timeouts": null,
            "vpc_id": "vpc-047ca3bacd1a93f54"
          },
          "sensitive_attributes": [],
          "private": "eyJlMmJmYjczMC1lY2FhLTExZTYtOGY4OC0zNDM2M2JjN2M0YzAiOnsiY3JlYXRlIjo2MDAwMDAwMDAwMDAsImRlbGV0ZSI6MTIwMDAwMDAwMDAwMH0sInNjaGVtYV92ZXJzaW9uIjoiMSJ9",
          "dependencies": [
            "aws_vpc.main"
          ]
        }
      ]
    },
    {
      "mode": "managed",
      "type": "aws_subnet",
      "name": "public",
      "provider": "provider[\"registry.terraform.io/hashicorp/aws\"]",
      "instances": [
        {
          "index_key": 0,
          "schema_version": 1,
          "attributes": {
            "arn": "arn:aws:ec2:eu-north-1:927618684072:subnet/subnet-047d3946267d11fce",
            "assign_ipv6_address_on_creation": false,
            "availability_zone": "eu-north-1a",
            "availability_zone_id": "eun1-az1",
            "cidr_block": "10.0.1.0/24",
            "customer_owned_ipv4_pool": "",
            "enable_dns64": false,
            "enable_lni_at_device_index": 0,
            "enable_resource_name_dns_a_record_on_launch": false,
            "enable_resource_name_dns_aaaa_record_on_launch": false,
            "id": "subnet-047d3946267d11fce",
            "ipv6_cidr_block": "",
            "ipv6_cidr_block_association_id": "",
            "ipv6_native": false,
            "map_customer_owned_ip_on_launch": false,
            "map_public_ip_on_launch": true,
            "outpost_arn": "",
            "owner_id": "927618684072",
            "private_dns_hostname_type_on_launch": "ip-name",
            "tags": {
              "Name": "room8-public-0"
            },
            "tags_all": {
              "Name": "room8-public-0"
            },
            "timeouts": null,
            "vpc_id": "vpc-047ca3bacd1a93f54"
          },
          "sensitive_attributes": [],
          "private": "eyJlMmJmYjczMC1lY2FhLTExZTYtOGY4OC0zNDM2M2JjN2M0YzAiOnsiY3JlYXRlIjo2MDAwMDAwMDAwMDAsImRlbGV0ZSI6MTIwMDAwMDAwMDAwMH0sInNjaGVtYV92ZXJzaW9uIjoiMSJ9",
          "dependencies": [
            "aws_vpc.main"
          ]
        },
        {
          "index_key": 1,
          "schema_version": 1,
          "attributes": {
            "arn": "arn:aws:ec2:eu-north-1:927618684072:subnet/subnet-0ea9c3f78af0e6eb4",
            "assign_ipv6_address_on_creation": false,
            "availability_zone": "eu-north-1b",
            "availability_zone_id": "eun1-az2",
            "cidr_block": "10.0.2.0/24",
            "customer_owned_ipv4_pool": "",
            "enable_dns64": false,
            "enable_lni_at_device_index": 0,
            "enable_resource_name_dns_a_record_on_launch": false,
            "enable_resource_name_dns_aaaa_record_on_launch": false,
            "id": "subnet-0ea9c3f78af0e6eb4",
            "ipv6_cidr_block": "",
            "ipv6_cidr_block_association_id": "",
            "ipv6_native": false,
            "map_customer_owned_ip_on_launch": false,
            "map_public_ip_on_launch": true,
            "outpost_arn": "",
            "owner_id": "927618684072",
            "private_dns_hostname_type_on_launch": "ip-name",
            "tags": {
              "Name": "room8-public-1"
            },
            "tags_all": {
              "Name": "room8-public-1"
            },
            "timeouts": null,
            "vpc_id": "vpc-047ca3bacd1a93f54"
          },
          "sensitive_attributes": [],
          "private": "eyJlMmJmYjczMC1lY2FhLTExZTYtOGY4OC0zNDM2M2JjN2M0YzAiOnsiY3JlYXRlIjo2MDAwMDAwMDAwMDAsImRlbGV0ZSI6MTIwMDAwMDAwMDAwMH0sInNjaGVtYV92ZXJzaW9uIjoiMSJ9",
          "dependencies": [
            "aws_vpc.main"
          ]
        }
      ]
    },
    {
      "mode": "managed",
      "type": "aws_vpc",
      "name": "main",
      "provider": "provider[\"registry.terraform.io/hashicorp/aws\"]",
      "instances": [
        {
          "schema_version": 1,
          "attributes": {
            "arn": "arn:aws:ec2:eu-north-1:927618684072:vpc/vpc-047ca3bacd1a93f54",
            "assign_generated_ipv6_cidr_block": false,
            "cidr_block": "10.0.0.0/16",
            "default_network_acl_id": "acl-0c65188dd49f5e727",
            "default_route_table_id": "rtb-019966e66f658d83c",
            "default_security_group_id": "sg-0952b2171fb3e57a5",
            "dhcp_options_id": "dopt-096ad56f473cd5877",
            "enable_dns_hostnames": false,
            "enable_dns_support": true,
            "enable_network_address_usage_metrics": false,
            "id": "vpc-047ca3bacd1a93f54",
            "instance_tenancy": "default",
            "ipv4_ipam_pool_id": null,
            "ipv4_netmask_length": null,
            "ipv6_association_id": "",
            "ipv6_cidr_block": "",
            "ipv6_cidr_block_network_border_group": "",
            "ipv6_ipam_pool_id": "",
            "ipv6_netmask_length": 0,
            "main_route_table_id": "rtb-019966e66f658d83c",
            "owner_id": "927618684072",
            "tags": {
              "Name": "room8-vpc"
            },
            "tags_all": {
              "Name": "room8-vpc"
            }
          },
          "sensitive_attributes": [],
          "private": "eyJzY2hlbWFfdmVyc2lvbiI6IjEifQ=="
        }
      ]
    }
  ],
  "check_results": null
}
